version: 2
skills:
  ./agent-skills::agent-env-config:
    destination: .claude/skills/agent-env-config
    hash: fad0e12b3c7f26705bd082e5a37a03086515c3af17349d08a1f3e35eff983f4f
    skill: agent-env-config
    description: '"The CORRECT conventions and agent-environment configuration for the envctl Rust workspace — supersedes the broken ECC-auto-generated skill/instincts that assert JavaScript conventions. Use whenever writing or reviewing envctl code, naming files/types, writing tests, composing commits, or configuring the .claude/.codex agent setup (skills, MCP servers, multi-agent roles). Triggers: ''what conventions'', ''how do I name this'', ''write a test'', ''commit message'', ''configure the agents'', ''MCP setup'', ''is camelCase right''."'
    source: ./agent-skills
    source_revision: local
    scope: project
  ./agent-skills::env-stabilize:
    destination: .claude/skills/env-stabilize
    hash: 51f1e9fc9cd4e22a6c875498678a9861a42cc7787a6ae1f4d9d7e236ae548885
    skill: env-stabilize
    description: '"How to keep the environment reproducible and drift-free — the detect/drift, doctor-diagnostic, and content-hashed lock discipline envctl uses, plus how kasetto provisions and locks the agent config. Use when checking environment health, diagnosing drift, regenerating or verifying a lock, or making the agent environment reproducible. Triggers: ''is the environment stable'', ''check for drift'', ''run doctor'', ''the lock is stale'', ''make this reproducible'', ''env is inconsistent'', ''sync the agents''."'
    source: ./agent-skills
    source_revision: local
    scope: project
  ./agent-skills::env-toolchain-install:
    destination: .claude/skills/env-toolchain-install
    hash: 6fb44c38b51c3f0f4f4c134ac4f33470e69f3efb8be5ee20a59859c42f081a97
    skill: env-toolchain-install
    description: '"How to install and configure the developer toolchain the way envctl does it — declaratively, idempotently, with detect→install→verify→fix→remove lifecycle hooks per component. Use whenever installing, repairing, or configuring environment tooling (Rust, bun/node, CUDA/GPU stack, ai-clis, nix-yazelix, boot-repair, the secretd daemon) or authoring a new component. Triggers: ''install the toolchain'', ''set up the environment'', ''add a component'', ''why is X not on PATH'', ''repair the environment'', ''the install isn''t idempotent''."'
    source: ./agent-skills
    source_revision: local
    scope: project
assets:
  mcp::./agent-skills::context7.json:
    kind: mcp
    name: context7.json
    hash: b52a7295b0d1f7bf88b8c901ec8fa33a3d580914c82da32e65aebee29ad5e164
    source: ./agent-skills
    destination: context7
    source_revision: local
  mcp::./agent-skills::exa.json:
    kind: mcp
    name: exa.json
    hash: c56e84148f520efd573a149bb29badbada5671e3e8777896216060622776301a
    source: ./agent-skills
    destination: exa
    source_revision: local
  mcp::./agent-skills::github.json:
    kind: mcp
    name: github.json
    hash: 2e8600d68d989b854949ed61afaceff91b1a8ca0d51214784d94871ca0a3ef72
    source: ./agent-skills
    destination: github
    source_revision: local
  mcp::./agent-skills::memory.json:
    kind: mcp
    name: memory.json
    hash: 5e402b9b14e5cbc29b4f0dad0e878efd5c98cfc76a4fa922e9702c9804dd4048
    source: ./agent-skills
    destination: memory
    source_revision: local
  mcp::./agent-skills::n8n-mcp.json:
    kind: mcp
    name: n8n-mcp.json
    hash: 46b8fe350f98685434cfcde8b8cf681d0d4b5f077429e608c4417e5c5a90cf5b
    source: ./agent-skills
    destination: n8n-mcp
    source_revision: local
  mcp::./agent-skills::playwright.json:
    kind: mcp
    name: playwright.json
    hash: 6ac925e66aa9d01e4c589584508824ab9872010a50acc5974783a9297dddccff
    source: ./agent-skills
    destination: playwright
    source_revision: local
  mcp::./agent-skills::sequential-thinking.json:
    kind: mcp
    name: sequential-thinking.json
    hash: ee04a5b1b768f06cf845a0cff850edef847dde9d19c6abd5abe76d1ddb2f10f3
    source: ./agent-skills
    destination: sequential-thinking
    source_revision: local
