version = 1

[components.boot-repair-dev]
content_hash = "ac52d47f053c1aad"
requires = []
resolved = ""

[components.boot-repair-diagnose]
content_hash = "cebc44e68c8b877a"
requires = []
resolved = ""

[components.boot-repair-finalize]
content_hash = "7f4397c3d5b13328"
requires = []
resolved = ""

[components.boot-repair-rename-pro]
content_hash = "792f4e3da104ba03"
requires = []
resolved = ""

[components.bun]
content_hash = "cb45d8cadd47d5fd"
requires = []
resolved = ""

[components.cache-agent-env]
content_hash = "76f7409bbc06d110"
requires = []
resolved = ""

[components.cache-jna]
content_hash = "5da1b364e1dfb198"
requires = []
resolved = ""

[components.cache-starship]
content_hash = "f5b5701fde03d4cb"
requires = []
resolved = ""

[components.cache-wasm-pack]
content_hash = "3cbf0bb0e345a085"
requires = []
resolved = ""

[components.cargo-nextest]
content_hash = "9932be9784fb68b2"
requires = ["rustup"]
resolved = ""

[components.claude-code-cli]
content_hash = "49327d1c16113737"
requires = []
resolved = ""

[components.claude-global-links]
content_hash = "93bf26036ad6b5c0"
requires = ["home-config-links"]
resolved = ""

[components.codex-cli]
content_hash = "2e477e80b6e7a5b4"
requires = [
    "bun",
    "rustup",
    "wild-linker",
]
resolved = ""

[components.codex-cli-alpha]
content_hash = "0e35a49db1ad3ab5"
requires = ["codex-cli"]
resolved = ""

[components.codex-global-baseline]
content_hash = "e2198857db7884a9"
requires = ["codex-cli"]
resolved = ""

[components.cognitum-seed-autounlock]
content_hash = "3f7e7aa9ac94695f"
requires = []
resolved = ""

[components.cognitum-seed-net]
content_hash = "e4444dd7225cd113"
requires = []
resolved = ""

[components.cognitum-seed-trust]
content_hash = "eee1272e0344aa41"
requires = []
resolved = ""

[components.cuda-oxide]
content_hash = "d1cac8044ed1f4ca"
requires = [
    "cuda-toolkit",
    "llvm-clang",
    "nvidia-open",
    "rust-nightly-cuda-oxide",
]
resolved = ""

[components.cuda-toolkit]
content_hash = "260f20b0996c1031"
requires = ["rustup"]
resolved = ""

[components.curl]
content_hash = "0f8c1de139002b4c"
requires = []
resolved = ""

[components.dashboard]
content_hash = "7acc80f2dd8b5370"
requires = [
    "claude-code-cli",
    "yazelix",
]
resolved = ""

[components.desktop-app]
content_hash = "1a7b7aa601ec592a"
requires = ["rustup"]
resolved = ""

[components.devin-cli]
content_hash = "977bed58f8d95895"
requires = []
resolved = ""

[components.env-ctl]
content_hash = "c3ae8c101561658d"
requires = [
    "rustup",
    "sqld",
]
resolved = ""

[components.gemini-cli]
content_hash = "647fddc8a9c72382"
requires = ["bun"]
resolved = ""

[components.gh]
content_hash = "11f7017702ce9809"
requires = []
resolved = ""

[components.gh-cli]
content_hash = "f9ae092c8d5a3c95"
requires = []
resolved = ""

[components.ghostty]
content_hash = "ebb42fe2d9cd9fcb"
requires = []
resolved = ""

[components.ghostty-default-terminal]
content_hash = "1762b9eca6e7fb72"
requires = ["ghostty"]
resolved = ""

[components.git]
content_hash = "64e4bcc0fae282f6"
requires = []
resolved = ""

[components.gpu-verify-scripts]
content_hash = "1c795c4d1b344a0b"
requires = [
    "cuda-oxide",
    "nvidia-container-toolkit",
    "nvidia-open",
    "pytorch-venv",
]
resolved = ""

[components.grit]
content_hash = "d36f376b362300cb"
requires = [
    "libssl-dev",
    "rustup",
]
resolved = ""

[components.group-ai-clis]
content_hash = "4c28a8e123ce3be7"
requires = [
    "claude-code-cli",
    "codex-cli",
    "devin-cli",
    "gemini-cli",
    "kimi-cli",
]
resolved = ""

[components.group-boot-repair]
content_hash = "6ccc5fd04c0426b0"
requires = []
resolved = ""

[components.group-gpu-stack]
content_hash = "80d4a70d16a6feb3"
requires = [
    "cuda-oxide",
    "cuda-toolkit",
    "gpu-verify-scripts",
    "llvm-clang",
    "nvidia-container-toolkit",
    "nvidia-cuda-repo",
    "nvidia-open",
    "pytorch-venv",
    "rust-nightly-cuda-oxide",
]
resolved = ""

[components.group-nix-yazelix]
content_hash = "c50c7448927d3eae"
requires = [
    "ghostty-default-terminal",
    "home-manager",
    "nix",
    "nix-yazelix-cache",
    "yazelix",
    "yazelix-config",
    "yazelix-desktop",
    "yazelix-shell",
]
resolved = ""

[components.group-portability]
content_hash = "5076f5719b293809"
requires = [
    "claude-global-links",
    "home-config-links",
    "home-local-single-link",
    "rtk-config-links",
]
resolved = ""

[components.handoff-hf]
content_hash = "ebd82c2de0cd2b5c"
requires = ["rustup"]
resolved = ""

[components.helix]
content_hash = "cc0db8f667ae2d0f"
requires = []
resolved = ""

[components.home-bin-links]
content_hash = "15c5798d461a027a"
requires = ["home-local-single-link"]
resolved = ""

[components.home-config-links]
content_hash = "99f3c9aadff825e2"
requires = []
resolved = ""

[components.home-local-single-link]
content_hash = "12fa780f4dfe4078"
requires = []
resolved = ""

[components.home-manager]
content_hash = "2da8948da193c9b6"
requires = ["nix"]
resolved = ""

[components.huggingface-cli]
content_hash = "ba97b33d38656190"
requires = []
resolved = ""

[components.just]
content_hash = "052b5428958702b6"
requires = []
resolved = ""

[components.kache]
content_hash = "b39c2b1e42a88205"
requires = []
resolved = ""

[components.kasetto]
content_hash = "66cff4b105e11ec5"
requires = []
resolved = ""

[components.keepassxc]
content_hash = "e43fd87c3b6f30ac"
requires = []
resolved = ""

[components.kimi-cli]
content_hash = "c90cd0d2b8d453f7"
requires = []
resolved = ""

[components.libgccjit]
content_hash = "610d206d613e559a"
requires = []
resolved = ""

[components.libssl-dev]
content_hash = "7dc5db4e9089f3cc"
requires = []
resolved = ""

[components.llvm-clang]
content_hash = "c832741f5a5c3060"
requires = []
resolved = ""

[components.meta-base-sanity]
content_hash = "91582b35367997db"
requires = [
    "ghostty",
    "podman",
]
resolved = ""

[components.meta-env-plugin]
content_hash = "38c048762fc24a8e"
requires = ["rustup"]
resolved = ""

[components.meta-session-env]
content_hash = "a5a3182e47746a47"
requires = []
resolved = ""

[components.meta-tool-links]
content_hash = "17ebecdd2be21164"
requires = ["home-local-single-link"]
resolved = ""

[components.mise]
content_hash = "3c738ba2e468f803"
requires = []
resolved = ""

[components.mlua]
content_hash = "cae7cd789a415850"
requires = [
    "llvm-clang",
    "rustup",
]
resolved = ""

[components.n8n-mcp]
content_hash = "4e013b68d6abd0bb"
requires = [
    "bun",
    "node-real",
]
resolved = ""

[components.nerd-fonts]
content_hash = "84305a770fb47934"
requires = []
resolved = ""

[components.nix]
content_hash = "0c05525ce0453c9c"
requires = []
resolved = ""

[components.nix-portable]
content_hash = "f10c1333504cb8e2"
requires = []
resolved = ""

[components.nix-yazelix-cache]
content_hash = "f986c70d2091b3d0"
requires = ["nix"]
resolved = ""

[components.node-real]
content_hash = "17c5e470990a81ed"
requires = []
resolved = ""

[components.node-via-bun]
content_hash = "ebfd84143e169351"
requires = ["bun"]
resolved = ""

[components.nushell]
content_hash = "70bc5579b980938f"
requires = []
resolved = ""

[components.nvidia-container-toolkit]
content_hash = "362fd2ef290986c4"
requires = [
    "nvidia-open",
    "podman",
]
resolved = ""

[components.nvidia-cuda-repo]
content_hash = "74fcdf697a37571b"
requires = []
resolved = ""

[components.nvidia-open]
content_hash = "4f43281c513522a2"
requires = ["nvidia-cuda-repo"]
resolved = ""

[components.odysseus]
content_hash = "3ccf2b6257a051f3"
requires = []
resolved = ""

[components.ohmyzsh]
content_hash = "6a79cfc53860251d"
requires = ["zsh"]
resolved = ""

[components.ollama]
content_hash = "9cbb1436801f865b"
requires = []
resolved = ""

[components.podman]
content_hash = "e00f4f5e8a9a46c1"
requires = []
resolved = ""

[components.prompt_hub]
content_hash = "414ed17ff80443b8"
requires = [
    "libssl-dev",
    "llvm-clang",
    "rustup",
]
resolved = ""

[components.pytorch-venv]
content_hash = "b2bb54f355e436ff"
requires = []
resolved = ""

[components.rtk]
content_hash = "204e04e9ef6153a5"
requires = ["rustup"]
resolved = ""

[components.rtk-config-links]
content_hash = "2a820fd753aa024f"
requires = ["home-config-links"]
resolved = ""

[components.rust-nightly-cuda-oxide]
content_hash = "0c3d325cb9ba7223"
requires = ["rustup"]
resolved = ""

[components.rustup]
content_hash = "afcd7e2271c29994"
requires = []
resolved = ""

[components.rusty-idd]
content_hash = "23066f0aed770628"
requires = ["rustup"]
resolved = ""

[components.secretd]
content_hash = "aeed757b4296bf36"
requires = ["env-ctl"]
resolved = ""

[components.sqld]
content_hash = "5433e7d69fd3f8c1"
requires = []
resolved = ""

[components.usrlocal-script-links]
content_hash = "146001f010363eca"
requires = []
resolved = ""

[components.uv]
content_hash = "113941dfa64ae8e4"
requires = []
resolved = ""

[components.virt-stack]
content_hash = "29f041129e58bdbd"
requires = []
resolved = ""

[components.vite]
content_hash = "1ba4c2bfd44d421e"
requires = ["bun"]
resolved = ""

[components.wasmer]
content_hash = "1bca5bf7763d65ed"
requires = []
resolved = ""

[components.wild-linker]
content_hash = "829ca753878d9ff8"
requires = []
resolved = ""

[components.yazelix]
content_hash = "f01aa621be31f137"
requires = [
    "ghostty",
    "home-manager",
    "nix",
    "nix-yazelix-cache",
]
resolved = ""

[components.yazelix-config]
content_hash = "feb908d9463663dc"
requires = ["yazelix"]
resolved = ""

[components.yazelix-desktop]
content_hash = "be3da23272707b2b"
requires = ["yazelix"]
resolved = ""

[components.yazelix-shell]
content_hash = "585dda49f145bbbd"
requires = ["yazelix"]
resolved = ""

[components.yazi]
content_hash = "85a3bb613a312c0b"
requires = []
resolved = ""

[components.zellij]
content_hash = "341be9153b20781f"
requires = []
resolved = ""

[components.zsh]
content_hash = "296d865c2931e1c9"
requires = []
resolved = ""

[components.zsh-migration-launcher]
content_hash = "f29852943b53a961"
requires = [
    "ohmyzsh",
    "zsh",
]
resolved = ""
