version = 1

[components.boot-repair-dev]
content_hash = "e25b9a2e25301358"
requires = []
resolved = ""

[components.boot-repair-diagnose]
content_hash = "16efc2e412efe3cd"
requires = []
resolved = ""

[components.boot-repair-finalize]
content_hash = "68a9e09aafe6a209"
requires = []
resolved = ""

[components.boot-repair-rename-pro]
content_hash = "6c4c0d730fe629de"
requires = []
resolved = ""

[components.bun]
content_hash = "09dd5de174cb50ce"
requires = []
resolved = ""

[components.cache-agent-env]
content_hash = "3a3afd259780ac6d"
requires = []
resolved = ""

[components.cache-jna]
content_hash = "8141074c06b4e025"
requires = []
resolved = ""

[components.cache-starship]
content_hash = "26d331824ee9fa5a"
requires = []
resolved = ""

[components.cache-wasm-pack]
content_hash = "d8935789588af0a8"
requires = []
resolved = ""

[components.cargo-audit]
content_hash = "e2205377555fd529"
requires = ["rustup"]
resolved = ""

[components.cargo-nextest]
content_hash = "8b22d6133ab8e429"
requires = ["rustup"]
resolved = ""

[components.claude-code-cli]
content_hash = "523fde14dc47d788"
requires = []
resolved = ""

[components.claude-global-links]
content_hash = "09fca5f218a51957"
requires = ["home-config-links"]
resolved = ""

[components.codex-cli]
content_hash = "2fcdb7c229c97683"
requires = ["yazelix"]
resolved = ""

[components.codex-cli-alpha]
content_hash = "0b48cc73082ddad4"
requires = ["codex-cli"]
resolved = ""

[components.codex-global-baseline]
content_hash = "5616798e03e88e90"
requires = ["codex-cli"]
resolved = ""

[components.cognitum-seed-autounlock]
content_hash = "622a7f226c09ef48"
requires = []
resolved = ""

[components.cognitum-seed-net]
content_hash = "44902f8973b5a766"
requires = []
resolved = ""

[components.cognitum-seed-trust]
content_hash = "3a6d31b9c4257dec"
requires = []
resolved = ""

[components.cuda-oxide]
content_hash = "9c02a9daa741d5cf"
requires = [
    "cuda-toolkit",
    "llvm-clang",
    "nvidia-open",
    "rust-nightly-cuda-oxide",
]
resolved = ""

[components.cuda-toolkit]
content_hash = "99da475f7b94e272"
requires = ["rustup"]
resolved = ""

[components.curl]
content_hash = "c143fb23d314c699"
requires = []
resolved = ""

[components.dashboard]
content_hash = "a632173c8910d6f9"
requires = [
    "claude-code-cli",
    "yazelix",
]
resolved = ""

[components.desktop-app]
content_hash = "c1d520a61d1b85f9"
requires = ["rustup"]
resolved = ""

[components.devin-cli]
content_hash = "f5dac4b539d29934"
requires = []
resolved = ""

[components.env-ctl]
content_hash = "0ad9cabe1bdd3385"
requires = [
    "rustup",
    "sqld",
]
resolved = ""

[components.envctl-cli]
content_hash = "81f10811e14d1432"
requires = ["rustup"]
resolved = ""

[components.gemini-cli]
content_hash = "91ec2abea79b4737"
requires = ["bun"]
resolved = ""

[components.gh]
content_hash = "e7c7ee90fd59d8dc"
requires = []
resolved = ""

[components.gh-cli]
content_hash = "20fbdefa4b4e3db2"
requires = []
resolved = ""

[components.ghostty]
content_hash = "3db31946ee1d9d4a"
requires = []
resolved = ""

[components.ghostty-default-terminal]
content_hash = "7679e5563ffa4a01"
requires = ["ghostty"]
resolved = ""

[components.git]
content_hash = "7009581b2c70fb87"
requires = []
resolved = ""

[components.gpu-verify-scripts]
content_hash = "5253c0e434d0cec8"
requires = [
    "cuda-oxide",
    "nvidia-container-toolkit",
    "nvidia-open",
    "pytorch-venv",
]
resolved = ""

[components.grit]
content_hash = "9b0c8c6912a8950a"
requires = [
    "libssl-dev",
    "rustup",
]
resolved = ""

[components.group-ai-clis]
content_hash = "5dba47317b8f38e2"
requires = [
    "claude-code-cli",
    "codex-cli",
    "devin-cli",
    "gemini-cli",
    "kimi-cli",
]
resolved = ""

[components.group-boot-repair]
content_hash = "bebe1be33b93be4d"
requires = []
resolved = ""

[components.group-gpu-stack]
content_hash = "2a5310ffbdf7164e"
requires = [
    "cuda-oxide",
    "cuda-toolkit",
    "gpu-verify-scripts",
    "llvm-clang",
    "nvidia-container-toolkit",
    "nvidia-cuda-repo",
    "nvidia-open",
    "pytorch-venv",
    "rust-nightly-cuda-oxide",
]
resolved = ""

[components.group-nix-yazelix]
content_hash = "aa462e02c80977d4"
requires = [
    "ghostty-default-terminal",
    "home-manager",
    "nix",
    "nix-yazelix-cache",
    "yazelix",
    "yazelix-config",
    "yazelix-shell",
]
resolved = ""

[components.group-portability]
content_hash = "7b7f0e488cf7b265"
requires = [
    "claude-global-links",
    "home-config-links",
    "home-local-single-link",
    "rtk-config-links",
]
resolved = ""

[components.handoff-hf]
content_hash = "9a0261d9aa2afb17"
requires = ["rustup"]
resolved = ""

[components.helix]
content_hash = "dfb09f5c1ffc53fd"
requires = []
resolved = ""

[components.home-bin-links]
content_hash = "8b5a801ca46216ec"
requires = ["home-local-single-link"]
resolved = ""

[components.home-config-links]
content_hash = "4ab6a9d39a998143"
requires = []
resolved = ""

[components.home-local-single-link]
content_hash = "6797c947dd6395f4"
requires = []
resolved = ""

[components.home-manager]
content_hash = "2b279669d1b0f11f"
requires = ["yazelix"]
resolved = ""

[components.huggingface-cli]
content_hash = "efd36cdd1fed18bf"
requires = []
resolved = ""

[components.just]
content_hash = "12d7931bfb8138ab"
requires = []
resolved = ""

[components.kache]
content_hash = "aa08c4442467d795"
requires = []
resolved = ""

[components.kasetto]
content_hash = "3301447e64956b42"
requires = [
    "codex-global-baseline",
    "envctl-cli",
    "rtk",
    "yazelix",
]
resolved = ""

[components.keepassxc]
content_hash = "0687cfb411adefa1"
requires = []
resolved = ""

[components.kimi-cli]
content_hash = "8ffcae34f9737bc8"
requires = []
resolved = ""

[components.libgccjit]
content_hash = "83954f1cd75e0f70"
requires = []
resolved = ""

[components.libssl-dev]
content_hash = "aa69f9e00dbbb937"
requires = []
resolved = ""

[components.llvm-clang]
content_hash = "28364411f2c48de7"
requires = []
resolved = ""

[components.meta-base-sanity]
content_hash = "d2b30d6ae9a863e2"
requires = [
    "ghostty",
    "podman",
]
resolved = ""

[components.meta-env-plugin]
content_hash = "2250dc8b95eb782d"
requires = ["rustup"]
resolved = ""

[components.meta-session-env]
content_hash = "7af550d889631894"
requires = []
resolved = ""

[components.meta-tool-links]
content_hash = "e998b4aeae5c859b"
requires = ["home-local-single-link"]
resolved = ""

[components.mise]
content_hash = "f2652addf5a34fcd"
requires = []
resolved = ""

[components.mlua]
content_hash = "eddb281124c3e9d3"
requires = [
    "llvm-clang",
    "rustup",
]
resolved = ""

[components.n8n-mcp]
content_hash = "013380bbd48ff13c"
requires = [
    "bun",
    "node-real",
]
resolved = ""

[components.nerd-fonts]
content_hash = "0b555a03edfc4bab"
requires = []
resolved = ""

[components.nix]
content_hash = "9605d076cd535d75"
requires = []
resolved = ""

[components.nix-portable]
content_hash = "b7fdcbbe4cb332c8"
requires = []
resolved = ""

[components.nix-yazelix-cache]
content_hash = "d4bc9aaba3eeb67b"
requires = ["nix"]
resolved = ""

[components.node-real]
content_hash = "dad63ae0871f8574"
requires = []
resolved = ""

[components.node-via-bun]
content_hash = "8ab3fc3390ceb79a"
requires = ["bun"]
resolved = ""

[components.nushell]
content_hash = "a1fee05c6d446fab"
requires = []
resolved = ""

[components.nvidia-container-toolkit]
content_hash = "f6f4b087259b7445"
requires = [
    "nvidia-open",
    "podman",
]
resolved = ""

[components.nvidia-cuda-repo]
content_hash = "bab7cacc818a7992"
requires = []
resolved = ""

[components.nvidia-open]
content_hash = "0e821cc497e5502d"
requires = ["nvidia-cuda-repo"]
resolved = ""

[components.odysseus]
content_hash = "86a370aea0f64d52"
requires = []
resolved = ""

[components.ollama]
content_hash = "0a7ce11e1d5a3ee3"
requires = []
resolved = ""

[components.podman]
content_hash = "dc379af8dcb9af5e"
requires = []
resolved = ""

[components.postgres-ruvector]
content_hash = "53fec62c2a27ff9d"
requires = ["yazelix"]
resolved = ""

[components.prompt_hub]
content_hash = "d9d798028caa0827"
requires = [
    "libssl-dev",
    "llvm-clang",
    "rustup",
]
resolved = ""

[components.pytorch-venv]
content_hash = "fc5a176cef219bce"
requires = []
resolved = ""

[components.rtk]
content_hash = "243321d29078013d"
requires = ["yazelix"]
resolved = ""

[components.rtk-config-links]
content_hash = "9fee0fa2f285c10f"
requires = ["home-config-links"]
resolved = ""

[components.rust-nightly-cuda-oxide]
content_hash = "2625e6b8988bc86a"
requires = ["rustup"]
resolved = ""

[components.rustup]
content_hash = "3fefe1c89fbeae51"
requires = []
resolved = ""

[components.rusty-idd]
content_hash = "47e3384c8864d33d"
requires = ["rustup"]
resolved = ""

[components.secretd]
content_hash = "f2da291de3ffa925"
requires = ["env-ctl"]
resolved = ""

[components.sqld]
content_hash = "e1a165620b12896c"
requires = [
    "llvm-clang",
    "rustup",
]
resolved = ""

[components.usrlocal-script-links]
content_hash = "12fd355957402e65"
requires = []
resolved = ""

[components.uv]
content_hash = "10950d4c953be7d1"
requires = []
resolved = ""

[components.virt-stack]
content_hash = "bbb138a4657f38ce"
requires = []
resolved = ""

[components.vite]
content_hash = "d4be01448c9e7419"
requires = ["bun"]
resolved = ""

[components.wasmer]
content_hash = "a69a86b007b409a6"
requires = []
resolved = ""

[components.wild-linker]
content_hash = "cd61df8e88702a71"
requires = []
resolved = ""

[components.yazelix]
content_hash = "09e08d4fc870eee6"
requires = [
    "nix",
    "nix-yazelix-cache",
]
resolved = ""

[components.yazelix-config]
content_hash = "b3c886a7fc3ae681"
requires = ["yazelix"]
resolved = ""

[components.yazelix-shell]
content_hash = "4140a088b65f1956"
requires = ["yazelix"]
resolved = ""

[components.yazi]
content_hash = "2b3068a7af99d12b"
requires = []
resolved = ""

[components.zellij]
content_hash = "90765b6d17de8cc9"
requires = []
resolved = ""
